// !$*UTF8*$!
{
	archiveVersion = 1;
	classes = {
	};
	objectVersion = 77;
	objects = {

/* Begin PBXBuildFile section */
		0CED5F18979CE96EB1B75F09 /* CalendarEvent.swift in Sources */ = {isa = PBXBuildFile; fileRef = 9FEF41D033663CA3CCAAC9FD /* CalendarEvent.swift */; };
		4F6DA12C4FA28F42BC29FF4A /* PKCETests.swift in Sources */ = {isa = PBXBuildFile; fileRef = 6365FD594C6C7E93823E4C9A /* PKCETests.swift */; };
		6126072DA56404B8C1D3D59C /* RedirectListener.swift in Sources */ = {isa = PBXBuildFile; fileRef = 362120747BD3E1AB65617E3E /* RedirectListener.swift */; };
		6D34FB908EE5B15430C897C2 /* GoogleAuth.swift in Sources */ = {isa = PBXBuildFile; fileRef = 5FA1222DEFEE28A149F87AF7 /* GoogleAuth.swift */; };
		7E83777B8ACD045FB6F71D6A /* CalendarClientTests.swift in Sources */ = {isa = PBXBuildFile; fileRef = F0AEC5FD2D7555FDDD7B4F7D /* CalendarClientTests.swift */; };
		7FD80FA4DD8746A7FC2DE288 /* CountdownTests.swift in Sources */ = {isa = PBXBuildFile; fileRef = BCAD7B96A8F665B3C4198BFE /* CountdownTests.swift */; };
		811C51C01FE8F2B91FE291CB /* MockURLProtocol.swift in Sources */ = {isa = PBXBuildFile; fileRef = AD5B4E38F0C31F5A732D74BD /* MockURLProtocol.swift */; };
		8A5E9DB5E94B33172F4E497E /* PKCE.swift in Sources */ = {isa = PBXBuildFile; fileRef = C09221482A02E840785ABFF1 /* PKCE.swift */; };
		8C007A8C3533E46933E9FE6A /* KeychainTests.swift in Sources */ = {isa = PBXBuildFile; fileRef = 6E980546D86262155281AF6B /* KeychainTests.swift */; };
		C1942CD3381A4BDEE506A143 /* Keychain.swift in Sources */ = {isa = PBXBuildFile; fileRef = A1E2497F6FF6AC1DE35E7D87 /* Keychain.swift */; };
		C4785A606F09912FD39A5069 /* Config.swift in Sources */ = {isa = PBXBuildFile; fileRef = 335AFBC57255775C13E7C464 /* Config.swift */; };
		CCDAA23C0262D94C6D01B73A /* Config.plist in Resources */ = {isa = PBXBuildFile; fileRef = D39B9B347455AA7C2594B879 /* Config.plist */; };
		D676ECABA4C15FEBEA004AEF /* ConfigTests.swift in Sources */ = {isa = PBXBuildFile; fileRef = BE2B7F4112F14648B7DC7FC1 /* ConfigTests.swift */; };
		E975249DE1F850E94AB2E371 /* AppDelegate.swift in Sources */ = {isa = PBXBuildFile; fileRef = 8AE0899F7EBADCD899D9ED8B /* AppDelegate.swift */; };
		EFB158280CDBE8C298C11BFC /* GoogleAuthTests.swift in Sources */ = {isa = PBXBuildFile; fileRef = 8F470913C55A73340956E201 /* GoogleAuthTests.swift */; };
		F6C53A5A7E97A036401B8751 /* CountdownApp.swift in Sources */ = {isa = PBXBuildFile; fileRef = 1B915F61511E002C554FDADC /* CountdownApp.swift */; };
		FF9C477A9BC0816D91307A7C /* CalendarClient.swift in Sources */ = {isa = PBXBuildFile; fileRef = 340AE2F6D23DF54BB8350652 /* CalendarClient.swift */; };
/* End PBXBuildFile section */

/* Begin PBXContainerItemProxy section */
		28C4EF59D6C8C3471BB0088E /* PBXContainerItemProxy */ = {
			isa = PBXContainerItemProxy;
			containerPortal = 9207444C73EA95B3F6AD2178 /* Project object */;
			proxyType = 1;
			remoteGlobalIDString = 4037DFE18CFA9F8AD731599D;
			remoteInfo = Countdown;
		};
/* End PBXContainerItemProxy section */

/* Begin PBXFileReference section */
		161DC129FE8C65823060677D /* Countdown.entitlements */ = {isa = PBXFileReference; lastKnownFileType = text.plist.entitlements; path = Countdown.entitlements; sourceTree = "<group>"; };
		1B915F61511E002C554FDADC /* CountdownApp.swift */ = {isa = PBXFileReference; lastKnownFileType = sourcecode.swift; path = CountdownApp.swift; sourceTree = "<group>"; };
		335AFBC57255775C13E7C464 /* Config.swift */ = {isa = PBXFileReference; lastKnownFileType = sourcecode.swift; path = Config.swift; sourceTree = "<group>"; };
		340AE2F6D23DF54BB8350652 /* CalendarClient.swift */ = {isa = PBXFileReference; lastKnownFileType = sourcecode.swift; path = CalendarClient.swift; sourceTree = "<group>"; };
		362120747BD3E1AB65617E3E /* RedirectListener.swift */ = {isa = PBXFileReference; lastKnownFileType = sourcecode.swift; path = RedirectListener.swift; sourceTree = "<group>"; };
		5FA1222DEFEE28A149F87AF7 /* GoogleAuth.swift */ = {isa = PBXFileReference; lastKnownFileType = sourcecode.swift; path = GoogleAuth.swift; sourceTree = "<group>"; };
		6365FD594C6C7E93823E4C9A /* PKCETests.swift */ = {isa = PBXFileReference; lastKnownFileType = sourcecode.swift; path = PKCETests.swift; sourceTree = "<group>"; };
		6E980546D86262155281AF6B /* KeychainTests.swift */ = {isa = PBXFileReference; lastKnownFileType = sourcecode.swift; path = KeychainTests.swift; sourceTree = "<group>"; };
		6FB06D2EAA52269530B9268F /* Info.plist */ = {isa = PBXFileReference; lastKnownFileType = text.plist; path = Info.plist; sourceTree = "<group>"; };
		7B1ADED25CE829FAB5920761 /* CountdownTests.xctest */ = {isa = PBXFileReference; explicitFileType = wrapper.cfbundle; includeInIndex = 0; path = CountdownTests.xctest; sourceTree = BUILT_PRODUCTS_DIR; };
		8AE0899F7EBADCD899D9ED8B /* AppDelegate.swift */ = {isa = PBXFileReference; lastKnownFileType = sourcecode.swift; path = AppDelegate.swift; sourceTree = "<group>"; };
		8D17595884028CBBF2DDCC58 /* Countdown.app */ = {isa = PBXFileReference; explicitFileType = wrapper.application; includeInIndex = 0; path = Countdown.app; sourceTree = BUILT_PRODUCTS_DIR; };
		8F470913C55A73340956E201 /* GoogleAuthTests.swift */ = {isa = PBXFileReference; lastKnownFileType = sourcecode.swift; path = GoogleAuthTests.swift; sourceTree = "<group>"; };
		9FEF41D033663CA3CCAAC9FD /* CalendarEvent.swift */ = {isa = PBXFileReference; lastKnownFileType = sourcecode.swift; path = CalendarEvent.swift; sourceTree = "<group>"; };
		A1E2497F6FF6AC1DE35E7D87 /* Keychain.swift */ = {isa = PBXFileReference; lastKnownFileType = sourcecode.swift; path = Keychain.swift; sourceTree = "<group>"; };
		AD5B4E38F0C31F5A732D74BD /* MockURLProtocol.swift */ = {isa = PBXFileReference; lastKnownFileType = sourcecode.swift; path = MockURLProtocol.swift; sourceTree = "<group>"; };
		BCAD7B96A8F665B3C4198BFE /* CountdownTests.swift */ = {isa = PBXFileReference; lastKnownFileType = sourcecode.swift; path = CountdownTests.swift; sourceTree = "<group>"; };
		BE2B7F4112F14648B7DC7FC1 /* ConfigTests.swift */ = {isa = PBXFileReference; lastKnownFileType = sourcecode.swift; path = ConfigTests.swift; sourceTree = "<group>"; };
		C09221482A02E840785ABFF1 /* PKCE.swift */ = {isa = PBXFileReference; lastKnownFileType = sourcecode.swift; path = PKCE.swift; sourceTree = "<group>"; };
		D39B9B347455AA7C2594B879 /* Config.plist */ = {isa = PBXFileReference; lastKnownFileType = text.plist; path = Config.plist; sourceTree = "<group>"; };
		F0AEC5FD2D7555FDDD7B4F7D /* CalendarClientTests.swift */ = {isa = PBXFileReference; lastKnownFileType = sourcecode.swift; path = CalendarClientTests.swift; sourceTree = "<group>"; };
/* End PBXFileReference section */

/* Begin PBXGroup section */
		16571EA7FF48511E403E25A7 /* CountdownTests */ = {
			isa = PBXGroup;
			children = (
				F0AEC5FD2D7555FDDD7B4F7D /* CalendarClientTests.swift */,
				BE2B7F4112F14648B7DC7FC1 /* ConfigTests.swift */,
				BCAD7B96A8F665B3C4198BFE /* CountdownTests.swift */,
				8F470913C55A73340956E201 /* GoogleAuthTests.swift */,
				6E980546D86262155281AF6B /* KeychainTests.swift */,
				AD5B4E38F0C31F5A732D74BD /* MockURLProtocol.swift */,
				6365FD594C6C7E93823E4C9A /* PKCETests.swift */,
			);
			path = CountdownTests;
			sourceTree = "<group>";
		};
		224CFBA800A9767787595F55 /* Products */ = {
			isa = PBXGroup;
			children = (
				8D17595884028CBBF2DDCC58 /* Countdown.app */,
				7B1ADED25CE829FAB5920761 /* CountdownTests.xctest */,
			);
			name = Products;
			sourceTree = "<group>";
		};
		333E407D1DC678EBD9A5553D = {
			isa = PBXGroup;
			children = (
				DEEC9DB7559A1FEB49267FDD /* Countdown */,
				16571EA7FF48511E403E25A7 /* CountdownTests */,
				224CFBA800A9767787595F55 /* Products */,
			);
			sourceTree = "<group>";
		};
		DEEC9DB7559A1FEB49267FDD /* Countdown */ = {
			isa = PBXGroup;
			children = (
				8AE0899F7EBADCD899D9ED8B /* AppDelegate.swift */,
				340AE2F6D23DF54BB8350652 /* CalendarClient.swift */,
				9FEF41D033663CA3CCAAC9FD /* CalendarEvent.swift */,
				D39B9B347455AA7C2594B879 /* Config.plist */,
				335AFBC57255775C13E7C464 /* Config.swift */,
				161DC129FE8C65823060677D /* Countdown.entitlements */,
				1B915F61511E002C554FDADC /* CountdownApp.swift */,
				5FA1222DEFEE28A149F87AF7 /* GoogleAuth.swift */,
				6FB06D2EAA52269530B9268F /* Info.plist */,
				A1E2497F6FF6AC1DE35E7D87 /* Keychain.swift */,
				C09221482A02E840785ABFF1 /* PKCE.swift */,
				362120747BD3E1AB65617E3E /* RedirectListener.swift */,
			);
			path = Countdown;
			sourceTree = "<group>";
		};
/* End PBXGroup section */

/* Begin PBXNativeTarget section */
		4037DFE18CFA9F8AD731599D /* Countdown */ = {
			isa = PBXNativeTarget;
			buildConfigurationList = 15A1A1F996CE66A38FAEA53F /* Build configuration list for PBXNativeTarget "Countdown" */;
			buildPhases = (
				D184F2883CD2CA13ECC93729 /* Sources */,
				60B9A2E843439483B2D47458 /* Resources */,
			);
			buildRules = (
			);
			dependencies = (
			);
			name = Countdown;
			packageProductDependencies = (
			);
			productName = Countdown;
			productReference = 8D17595884028CBBF2DDCC58 /* Countdown.app */;
			productType = "com.apple.product-type.application";
		};
		998CA6FFCDFB6AD59A44765A /* CountdownTests */ = {
			isa = PBXNativeTarget;
			buildConfigurationList = F56D7C105DBCF34977457E42 /* Build configuration list for PBXNativeTarget "CountdownTests" */;
			buildPhases = (
				3FB7FC0AD56675904A1EF0D0 /* Sources */,
			);
			buildRules = (
			);
			dependencies = (
				475E9C963900B0374BD469C3 /* PBXTargetDependency */,
			);
			name = CountdownTests;
			packageProductDependencies = (
			);
			productName = CountdownTests;
			productReference = 7B1ADED25CE829FAB5920761 /* CountdownTests.xctest */;
			productType = "com.apple.product-type.bundle.unit-test";
		};
/* End PBXNativeTarget section */

/* Begin PBXProject section */
		9207444C73EA95B3F6AD2178 /* Project object */ = {
			isa = PBXProject;
			attributes = {
				BuildIndependentTargetsInParallel = YES;
				LastUpgradeCheck = 1430;
			};
			buildConfigurationList = E426BF6BD3EA30A242BF7E35 /* Build configuration list for PBXProject "Countdown" */;
			compatibilityVersion = "Xcode 14.0";
			developmentRegion = en;
			hasScannedForEncodings = 0;
			knownRegions = (
				Base,
				en,
			);
			mainGroup = 333E407D1DC678EBD9A5553D;
			minimizedProjectReferenceProxies = 1;
			preferredProjectObjectVersion = 77;
			projectDirPath = "";
			projectRoot = "";
			targets = (
				4037DFE18CFA9F8AD731599D /* Countdown */,
				998CA6FFCDFB6AD59A44765A /* CountdownTests */,
			);
		};
/* End PBXProject section */

/* Begin PBXResourcesBuildPhase section */
		60B9A2E843439483B2D47458 /* Resources */ = {
			isa = PBXResourcesBuildPhase;
			buildActionMask = 2147483647;
			files = (
				CCDAA23C0262D94C6D01B73A /* Config.plist in Resources */,
			);
			runOnlyForDeploymentPostprocessing = 0;
		};
/* End PBXResourcesBuildPhase section */

/* Begin PBXSourcesBuildPhase section */
		3FB7FC0AD56675904A1EF0D0 /* Sources */ = {
			isa = PBXSourcesBuildPhase;
			buildActionMask = 2147483647;
			files = (
				7E83777B8ACD045FB6F71D6A /* CalendarClientTests.swift in Sources */,
				D676ECABA4C15FEBEA004AEF /* ConfigTests.swift in Sources */,
				7FD80FA4DD8746A7FC2DE288 /* CountdownTests.swift in Sources */,
				EFB158280CDBE8C298C11BFC /* GoogleAuthTests.swift in Sources */,
				8C007A8C3533E46933E9FE6A /* KeychainTests.swift in Sources */,
				811C51C01FE8F2B91FE291CB /* MockURLProtocol.swift in Sources */,
				4F6DA12C4FA28F42BC29FF4A /* PKCETests.swift in Sources */,
			);
			runOnlyForDeploymentPostprocessing = 0;
		};
		D184F2883CD2CA13ECC93729 /* Sources */ = {
			isa = PBXSourcesBuildPhase;
			buildActionMask = 2147483647;
			files = (
				E975249DE1F850E94AB2E371 /* AppDelegate.swift in Sources */,
				FF9C477A9BC0816D91307A7C /* CalendarClient.swift in Sources */,
				0CED5F18979CE96EB1B75F09 /* CalendarEvent.swift in Sources */,
				C4785A606F09912FD39A5069 /* Config.swift in Sources */,
				F6C53A5A7E97A036401B8751 /* CountdownApp.swift in Sources */,
				6D34FB908EE5B15430C897C2 /* GoogleAuth.swift in Sources */,
				C1942CD3381A4BDEE506A143 /* Keychain.swift in Sources */,
				8A5E9DB5E94B33172F4E497E /* PKCE.swift in Sources */,
				6126072DA56404B8C1D3D59C /* RedirectListener.swift in Sources */,
			);
			runOnlyForDeploymentPostprocessing = 0;
		};
/* End PBXSourcesBuildPhase section */

/* Begin PBXTargetDependency section */
		475E9C963900B0374BD469C3 /* PBXTargetDependency */ = {
			isa = PBXTargetDependency;
			target = 4037DFE18CFA9F8AD731599D /* Countdown */;
			targetProxy = 28C4EF59D6C8C3471BB0088E /* PBXContainerItemProxy */;
		};
/* End PBXTargetDependency section */

/* Begin XCBuildConfiguration section */
		496D6C9D1B708700C9756287 /* Debug */ = {
			isa = XCBuildConfiguration;
			buildSettings = {
				ALWAYS_SEARCH_USER_PATHS = NO;
				CLANG_ANALYZER_NONNULL = YES;
				CLANG_ANALYZER_NUMBER_OBJECT_CONVERSION = YES_AGGRESSIVE;
				CLANG_CXX_LANGUAGE_STANDARD = "gnu++14";
				CLANG_CXX_LIBRARY = "libc++";
				CLANG_ENABLE_MODULES = YES;
				CLANG_ENABLE_OBJC_ARC = YES;
				CLANG_ENABLE_OBJC_WEAK = YES;
				CLANG_WARN_BLOCK_CAPTURE_AUTORELEASING = YES;
				CLANG_WARN_BOOL_CONVERSION = YES;
				CLANG_WARN_COMMA = YES;
				CLANG_WARN_CONSTANT_CONVERSION = YES;
				CLANG_WARN_DEPRECATED_OBJC_IMPLEMENTATIONS = YES;
				CLANG_WARN_DIRECT_OBJC_ISA_USAGE = YES_ERROR;
				CLANG_WARN_DOCUMENTATION_COMMENTS = YES;
				CLANG_WARN_EMPTY_BODY = YES;
				CLANG_WARN_ENUM_CONVERSION = YES;
				CLANG_WARN_INFINITE_RECURSION = YES;
				CLANG_WARN_INT_CONVERSION = YES;
				CLANG_WARN_NON_LITERAL_NULL_CONVERSION = YES;
				CLANG_WARN_OBJC_IMPLICIT_RETAIN_SELF = YES;
				CLANG_WARN_OBJC_LITERAL_CONVERSION = YES;
				CLANG_WARN_OBJC_ROOT_CLASS = YES_ERROR;
				CLANG_WARN_QUOTED_INCLUDE_IN_FRAMEWORK_HEADER = YES;
				CLANG_WARN_RANGE_LOOP_ANALYSIS = YES;
				CLANG_WARN_STRICT_PROTOTYPES = YES;
				CLANG_WARN_SUSPICIOUS_MOVE = YES;
				CLANG_WARN_UNGUARDED_AVAILABILITY = YES_AGGRESSIVE;
				CLANG_WARN_UNREACHABLE_CODE = YES;
				CLANG_WARN__DUPLICATE_METHOD_MATCH = YES;
				COPY_PHASE_STRIP = NO;
				DEBUG_INFORMATION_FORMAT = dwarf;
				ENABLE_STRICT_OBJC_MSGSEND = YES;
				ENABLE_TESTABILITY = YES;
				GCC_C_LANGUAGE_STANDARD = gnu11;
				GCC_DYNAMIC_NO_PIC = NO;
				GCC_NO_COMMON_BLOCKS = YES;
				GCC_OPTIMIZATION_LEVEL = 0;
				GCC_PREPROCESSOR_DEFINITIONS = (
					"$(inherited)",
					"DEBUG=1",
				);
				GCC_WARN_64_TO_32_BIT_CONVERSION = YES;
				GCC_WARN_ABOUT_RETURN_TYPE = YES_ERROR;
				GCC_WARN_UNDECLARED_SELECTOR = YES;
				GCC_WARN_UNINITIALIZED_AUTOS = YES_AGGRESSIVE;
				GCC_WARN_UNUSED_FUNCTION = YES;
				GCC_WARN_UNUSED_VARIABLE = YES;
				MACOSX_DEPLOYMENT_TARGET = 14.0;
				MTL_ENABLE_DEBUG_INFO = INCLUDE_SOURCE;
				MTL_FAST_MATH = YES;
				ONLY_ACTIVE_ARCH = YES;
				PRODUCT_NAME = "$(TARGET_NAME)";
				SDKROOT = macosx;
				SWIFT_ACTIVE_COMPILATION_CONDITIONS = DEBUG;
				SWIFT_OPTIMIZATION_LEVEL = "-Onone";
				SWIFT_VERSION = 6.0;
			};
			name = Debug;
		};
		4D14D0C503A70109A24FB726 /* Release */ = {
			isa = XCBuildConfiguration;
			buildSettings = {
				BUNDLE_LOADER = "$(TEST_HOST)";
				COMBINE_HIDPI_IMAGES = YES;
				GENERATE_INFOPLIST_FILE = YES;
				LD_RUNPATH_SEARCH_PATHS = (
					"$(inherited)",
					"@executable_path/../Frameworks",
					"@loader_path/../Frameworks",
				);
				PRODUCT_BUNDLE_IDENTIFIER = com.countdown.tests;
				SDKROOT = macosx;
				TEST_HOST = "$(BUILT_PRODUCTS_DIR)/Countdown.app/Contents/MacOS/Countdown";
			};
			name = Release;
		};
		7F467938443E584CFE48921A /* Release */ = {
			isa = XCBuildConfiguration;
			buildSettings = {
				ASSETCATALOG_COMPILER_APPICON_NAME = AppIcon;
				CODE_SIGN_ENTITLEMENTS = Countdown/Countdown.entitlements;
				COMBINE_HIDPI_IMAGES = YES;
				INFOPLIST_FILE = Countdown/Info.plist;
				LD_RUNPATH_SEARCH_PATHS = (
					"$(inherited)",
					"@executable_path/../Frameworks",
				);
				PRODUCT_BUNDLE_IDENTIFIER = com.countdown.app;
				PRODUCT_NAME = Countdown;
				SDKROOT = macosx;
			};
			name = Release;
		};
		9519F35D4226B136B6586ED7 /* Debug */ = {
			isa = XCBuildConfiguration;
			buildSettings = {
				BUNDLE_LOADER = "$(TEST_HOST)";
				COMBINE_HIDPI_IMAGES = YES;
				GENERATE_INFOPLIST_FILE = YES;
				LD_RUNPATH_SEARCH_PATHS = (
					"$(inherited)",
					"@executable_path/../Frameworks",
					"@loader_path/../Frameworks",
				);
				PRODUCT_BUNDLE_IDENTIFIER = com.countdown.tests;
				SDKROOT = macosx;
				TEST_HOST = "$(BUILT_PRODUCTS_DIR)/Countdown.app/Contents/MacOS/Countdown";
			};
			name = Debug;
		};
		A6503C63C14ABB7EA8C11965 /* Release */ = {
			isa = XCBuildConfiguration;
			buildSettings = {
				ALWAYS_SEARCH_USER_PATHS = NO;
				CLANG_ANALYZER_NONNULL = YES;
				CLANG_ANALYZER_NUMBER_OBJECT_CONVERSION = YES_AGGRESSIVE;
				CLANG_CXX_LANGUAGE_STANDARD = "gnu++14";
				CLANG_CXX_LIBRARY = "libc++";
				CLANG_ENABLE_MODULES = YES;
				CLANG_ENABLE_OBJC_ARC = YES;
				CLANG_ENABLE_OBJC_WEAK = YES;
				CLANG_WARN_BLOCK_CAPTURE_AUTORELEASING = YES;
				CLANG_WARN_BOOL_CONVERSION = YES;
				CLANG_WARN_COMMA = YES;
				CLANG_WARN_CONSTANT_CONVERSION = YES;
				CLANG_WARN_DEPRECATED_OBJC_IMPLEMENTATIONS = YES;
				CLANG_WARN_DIRECT_OBJC_ISA_USAGE = YES_ERROR;
				CLANG_WARN_DOCUMENTATION_COMMENTS = YES;
				CLANG_WARN_EMPTY_BODY = YES;
				CLANG_WARN_ENUM_CONVERSION = YES;
				CLANG_WARN_INFINITE_RECURSION = YES;
				CLANG_WARN_INT_CONVERSION = YES;
				CLANG_WARN_NON_LITERAL_NULL_CONVERSION = YES;
				CLANG_WARN_OBJC_IMPLICIT_RETAIN_SELF = YES;
				CLANG_WARN_OBJC_LITERAL_CONVERSION = YES;
				CLANG_WARN_OBJC_ROOT_CLASS = YES_ERROR;
				CLANG_WARN_QUOTED_INCLUDE_IN_FRAMEWORK_HEADER = YES;
				CLANG_WARN_RANGE_LOOP_ANALYSIS = YES;
				CLANG_WARN_STRICT_PROTOTYPES = YES;
				CLANG_WARN_SUSPICIOUS_MOVE = YES;
				CLANG_WARN_UNGUARDED_AVAILABILITY = YES_AGGRESSIVE;
				CLANG_WARN_UNREACHABLE_CODE = YES;
				CLANG_WARN__DUPLICATE_METHOD_MATCH = YES;
				COPY_PHASE_STRIP = NO;
				DEBUG_INFORMATION_FORMAT = "dwarf-with-dsym";
				ENABLE_NS_ASSERTIONS = NO;
				ENABLE_STRICT_OBJC_MSGSEND = YES;
				GCC_C_LANGUAGE_STANDARD = gnu11;
				GCC_NO_COMMON_BLOCKS = YES;
				GCC_WARN_64_TO_32_BIT_CONVERSION = YES;
				GCC_WARN_ABOUT_RETURN_TYPE = YES_ERROR;
				GCC_WARN_UNDECLARED_SELECTOR = YES;
				GCC_WARN_UNINITIALIZED_AUTOS = YES_AGGRESSIVE;
				GCC_WARN_UNUSED_FUNCTION = YES;
				GCC_WARN_UNUSED_VARIABLE = YES;
				MACOSX_DEPLOYMENT_TARGET = 14.0;
				MTL_ENABLE_DEBUG_INFO = NO;
				MTL_FAST_MATH = YES;
				PRODUCT_NAME = "$(TARGET_NAME)";
				SDKROOT = macosx;
				SWIFT_COMPILATION_MODE = wholemodule;
				SWIFT_OPTIMIZATION_LEVEL = "-O";
				SWIFT_VERSION = 6.0;
			};
			name = Release;
		};
		C75231F09CCED3278BA839F3 /* Debug */ = {
			isa = XCBuildConfiguration;
			buildSettings = {
				ASSETCATALOG_COMPILER_APPICON_NAME = AppIcon;
				CODE_SIGN_ENTITLEMENTS = Countdown/Countdown.entitlements;
				COMBINE_HIDPI_IMAGES = YES;
				INFOPLIST_FILE = Countdown/Info.plist;
				LD_RUNPATH_SEARCH_PATHS = (
					"$(inherited)",
					"@executable_path/../Frameworks",
				);
				PRODUCT_BUNDLE_IDENTIFIER = com.countdown.app;
				PRODUCT_NAME = Countdown;
				SDKROOT = macosx;
			};
			name = Debug;
		};
/* End XCBuildConfiguration section */

/* Begin XCConfigurationList section */
		15A1A1F996CE66A38FAEA53F /* Build configuration list for PBXNativeTarget "Countdown" */ = {
			isa = XCConfigurationList;
			buildConfigurations = (
				C75231F09CCED3278BA839F3 /* Debug */,
				7F467938443E584CFE48921A /* Release */,
			);
			defaultConfigurationIsVisible = 0;
			defaultConfigurationName = Debug;
		};
		E426BF6BD3EA30A242BF7E35 /* Build configuration list for PBXProject "Countdown" */ = {
			isa = XCConfigurationList;
			buildConfigurations = (
				496D6C9D1B708700C9756287 /* Debug */,
				A6503C63C14ABB7EA8C11965 /* Release */,
			);
			defaultConfigurationIsVisible = 0;
			defaultConfigurationName = Debug;
		};
		F56D7C105DBCF34977457E42 /* Build configuration list for PBXNativeTarget "CountdownTests" */ = {
			isa = XCConfigurationList;
			buildConfigurations = (
				9519F35D4226B136B6586ED7 /* Debug */,
				4D14D0C503A70109A24FB726 /* Release */,
			);
			defaultConfigurationIsVisible = 0;
			defaultConfigurationName = Debug;
		};
/* End XCConfigurationList section */
	};
	rootObject = 9207444C73EA95B3F6AD2178 /* Project object */;
}
